
Microsoft Visual Studio Solution File, Format Version 12.00
# Visual Studio Version 17
VisualStudioVersion = 17.1.32319.34
MinimumVisualStudioVersion = 10.0.40219.1
Project("{FAE04EC0-301F-11D3-BF4B-00C04F79EFBC}") = "Delegate", "Delegate\Delegate.csproj", "{A8058469-080E-4E8D-8C96-3CFF055A4864}"
EndProject
Global
	GlobalSection(SolutionConfigurationPlatforms) = preSolution
		Debug|Any CPU = Debug|Any CPU
		Release|Any CPU = Release|Any CPU
	EndGlobalSection
	GlobalSection(ProjectConfigurationPlatforms) = postSolution
		{A8058469-080E-4E8D-8C96-3CFF055A4864}.Debug|Any CPU.ActiveCfg = Debug|Any CPU
		{A8058469-080E-4E8D-8C96-3CFF055A4864}.Debug|Any CPU.Build.0 = Debug|Any CPU
		{A8058469-080E-4E8D-8C96-3CFF055A4864}.Release|Any CPU.ActiveCfg = Release|Any CPU
		{A8058469-080E-4E8D-8C96-3CFF055A4864}.Release|Any CPU.Build.0 = Release|Any CPU
	EndGlobalSection
	GlobalSection(SolutionProperties) = preSolution
		HideSolutionNode = FALSE
	EndGlobalSection
	GlobalSection(ExtensibilityGlobals) = postSolution
		SolutionGuid = {086C88C6-AF9A-4AFF-996A-9C0E88F8D74F}
	EndGlobalSection
EndGlobal
